// !$*UTF8*$!
{
	archiveVersion = 1;
	classes = {
	};
	objectVersion = 46;
	objects = {

/* Begin PBXBuildFile section */
		7B6248DD1D111DFF00D5162A /* main.m in Sources */ = {isa = PBXBuildFile; fileRef = 7B6248DC1D111DFF00D5162A /* main.m */; };
		7B6248E01D111DFF00D5162A /* AppDelegate.m in Sources */ = {isa = PBXBuildFile; fileRef = 7B6248DF1D111DFF00D5162A /* AppDelegate.m */; };
		7B6248E31D111DFF00D5162A /* ViewController.m in Sources */ = {isa = PBXBuildFile; fileRef = 7B6248E21D111DFF00D5162A /* ViewController.m */; };
		7B6248E61D111DFF00D5162A /* Main.storyboard in Resources */ = {isa = PBXBuildFile; fileRef = 7B6248E41D111DFF00D5162A /* Main.storyboard */; };
		7B6248EB1D111DFF00D5162A /* Assets.xcassets in Resources */ = {isa = PBXBuildFile; fileRef = 7B6248EA1D111DFF00D5162A /* Assets.xcassets */; };
		7B6248EE1D111DFF00D5162A /* LaunchScreen.storyboard in Resources */ = {isa = PBXBuildFile; fileRef = 7B6248EC1D111DFF00D5162A /* LaunchScreen.storyboard */; };
		7B6248FA1D11258600D5162A /* UIColor+CompanyColors.m in Sources */ = {isa = PBXBuildFile; fileRef = 7B6248F91D11258600D5162A /* UIColor+CompanyColors.m */; };
		7BA11F281D1250BD0072DBA7 /* Lato-Medium.ttf in Resources */ = {isa = PBXBuildFile; fileRef = 7BA11F261D1250930072DBA7 /* Lato-Medium.ttf */; };
		7BA11F291D1250BF0072DBA7 /* Lato-Regular.ttf in Resources */ = {isa = PBXBuildFile; fileRef = 7BA11F271D12509A0072DBA7 /* Lato-Regular.ttf */; };
		7BFA9E4F1D11A54100042294 /* UIFont+CompanyFonts.m in Sources */ = {isa = PBXBuildFile; fileRef = 7BFA9E4E1D11A54100042294 /* UIFont+CompanyFonts.m */; };
		7BFA9E521D11C2DB00042294 /* CommentsViewController.m in Sources */ = {isa = PBXBuildFile; fileRef = 7BFA9E511D11C2DB00042294 /* CommentsViewController.m */; };
		7BFA9E5B1D11EC0000042294 /* CommentCell.m in Sources */ = {isa = PBXBuildFile; fileRef = 7BFA9E5A1D11EC0000042294 /* CommentCell.m */; };
		7BFA9E5E1D11EC5300042294 /* CommentObject.m in Sources */ = {isa = PBXBuildFile; fileRef = 7BFA9E5D1D11EC5300042294 /* CommentObject.m */; };
/* End PBXBuildFile section */

/* Begin PBXFileReference section */
		7B6248D81D111DFF00D5162A /* Comments.app */ = {isa = PBXFileReference; explicitFileType = wrapper.application; includeInIndex = 0; path = Comments.app; sourceTree = BUILT_PRODUCTS_DIR; };
		7B6248DC1D111DFF00D5162A /* main.m */ = {isa = PBXFileReference; lastKnownFileType = sourcecode.c.objc; path = main.m; sourceTree = "<group>"; };
		7B6248DE1D111DFF00D5162A /* AppDelegate.h */ = {isa = PBXFileReference; lastKnownFileType = sourcecode.c.h; path = AppDelegate.h; sourceTree = "<group>"; };
		7B6248DF1D111DFF00D5162A /* AppDelegate.m */ = {isa = PBXFileReference; lastKnownFileType = sourcecode.c.objc; path = AppDelegate.m; sourceTree = "<group>"; };
		7B6248E11D111DFF00D5162A /* ViewController.h */ = {isa = PBXFileReference; lastKnownFileType = sourcecode.c.h; path = ViewController.h; sourceTree = "<group>"; };
		7B6248E21D111DFF00D5162A /* ViewController.m */ = {isa = PBXFileReference; lastKnownFileType = sourcecode.c.objc; path = ViewController.m; sourceTree = "<group>"; };
		7B6248E51D111DFF00D5162A /* Base */ = {isa = PBXFileReference; lastKnownFileType = file.storyboard; name = Base; path = Base.lproj/Main.storyboard; sourceTree = "<group>"; };
		7B6248EA1D111DFF00D5162A /* Assets.xcassets */ = {isa = PBXFileReference; lastKnownFileType = folder.assetcatalog; path = Assets.xcassets; sourceTree = "<group>"; };
		7B6248ED1D111DFF00D5162A /* Base */ = {isa = PBXFileReference; lastKnownFileType = file.storyboard; name = Base; path = Base.lproj/LaunchScreen.storyboard; sourceTree = "<group>"; };
		7B6248EF1D111DFF00D5162A /* Info.plist */ = {isa = PBXFileReference; lastKnownFileType = text.plist.xml; path = Info.plist; sourceTree = "<group>"; };
		7B6248F81D11258600D5162A /* UIColor+CompanyColors.h */ = {isa = PBXFileReference; fileEncoding = 4; lastKnownFileType = sourcecode.c.h; path = "UIColor+CompanyColors.h"; sourceTree = "<group>"; };
		7B6248F91D11258600D5162A /* UIColor+CompanyColors.m */ = {isa = PBXFileReference; fileEncoding = 4; lastKnownFileType = sourcecode.c.objc; path = "UIColor+CompanyColors.m"; sourceTree = "<group>"; };
		7BA11F261D1250930072DBA7 /* Lato-Medium.ttf */ = {isa = PBXFileReference; lastKnownFileType = file; path = "Lato-Medium.ttf"; sourceTree = "<group>"; };
		7BA11F271D12509A0072DBA7 /* Lato-Regular.ttf */ = {isa = PBXFileReference; lastKnownFileType = file; path = "Lato-Regular.ttf"; sourceTree = "<group>"; };
		7BFA9E4D1D11A54100042294 /* UIFont+CompanyFonts.h */ = {isa = PBXFileReference; fileEncoding = 4; lastKnownFileType = sourcecode.c.h; name = "UIFont+CompanyFonts.h"; path = "../UIFont+CompanyFonts.h"; sourceTree = "<group>"; };
		7BFA9E4E1D11A54100042294 /* UIFont+CompanyFonts.m */ = {isa = PBXFileReference; fileEncoding = 4; lastKnownFileType = sourcecode.c.objc; name = "UIFont+CompanyFonts.m"; path = "../UIFont+CompanyFonts.m"; sourceTree = "<group>"; };
		7BFA9E501D11C2DB00042294 /* CommentsViewController.h */ = {isa = PBXFileReference; fileEncoding = 4; lastKnownFileType = sourcecode.c.h; path = CommentsViewController.h; sourceTree = "<group>"; };
		7BFA9E511D11C2DB00042294 /* CommentsViewController.m */ = {isa = PBXFileReference; fileEncoding = 4; lastKnownFileType = sourcecode.c.objc; path = CommentsViewController.m; sourceTree = "<group>"; };
		7BFA9E591D11EC0000042294 /* CommentCell.h */ = {isa = PBXFileReference; fileEncoding = 4; lastKnownFileType = sourcecode.c.h; name = CommentCell.h; path = ../CommentCell.h; sourceTree = "<group>"; };
		7BFA9E5A1D11EC0000042294 /* CommentCell.m */ = {isa = PBXFileReference; fileEncoding = 4; lastKnownFileType = sourcecode.c.objc; name = CommentCell.m; path = ../CommentCell.m; sourceTree = "<group>"; };
		7BFA9E5C1D11EC5300042294 /* CommentObject.h */ = {isa = PBXFileReference; fileEncoding = 4; lastKnownFileType = sourcecode.c.h; name = CommentObject.h; path = ../CommentObject.h; sourceTree = "<group>"; };
		7BFA9E5D1D11EC5300042294 /* CommentObject.m */ = {isa = PBXFileReference; fileEncoding = 4; lastKnownFileType = sourcecode.c.objc; name = CommentObject.m; path = ../CommentObject.m; sourceTree = "<group>"; };
/* End PBXFileReference section */

/* Begin PBXFrameworksBuildPhase section */
		7B6248D51D111DFF00D5162A /* Frameworks */ = {
			isa = PBXFrameworksBuildPhase;
			buildActionMask = 2147483647;
			files = (
			);
			runOnlyForDeploymentPostprocessing = 0;
		};
/* End PBXFrameworksBuildPhase section */

/* Begin PBXGroup section */
		7B6248CF1D111DFF00D5162A = {
			isa = PBXGroup;
			children = (
				7B6248DA1D111DFF00D5162A /* Comments */,
				7B6248D91D111DFF00D5162A /* Products */,
			);
			sourceTree = "<group>";
		};
		7B6248D91D111DFF00D5162A /* Products */ = {
			isa = PBXGroup;
			children = (
				7B6248D81D111DFF00D5162A /* Comments.app */,
			);
			name = Products;
			sourceTree = "<group>";
		};
		7B6248DA1D111DFF00D5162A /* Comments */ = {
			isa = PBXGroup;
			children = (
				7B6248DE1D111DFF00D5162A /* AppDelegate.h */,
				7B6248DF1D111DFF00D5162A /* AppDelegate.m */,
				7B6248F51D111EF100D5162A /* model */,
				7B6248F61D111EF700D5162A /* view */,
				7B6248F71D11208700D5162A /* controller */,
				7B6248E41D111DFF00D5162A /* Main.storyboard */,
				7B6248EA1D111DFF00D5162A /* Assets.xcassets */,
				7BFA9E5F1D11FF7100042294 /* fonts */,
				7B6248EC1D111DFF00D5162A /* LaunchScreen.storyboard */,
				7B6248EF1D111DFF00D5162A /* Info.plist */,
				7B6248DB1D111DFF00D5162A /* Supporting Files */,
			);
			path = Comments;
			sourceTree = "<group>";
		};
		7B6248DB1D111DFF00D5162A /* Supporting Files */ = {
			isa = PBXGroup;
			children = (
				7B6248DC1D111DFF00D5162A /* main.m */,
			);
			name = "Supporting Files";
			sourceTree = "<group>";
		};
		7B6248F51D111EF100D5162A /* model */ = {
			isa = PBXGroup;
			children = (
				7BFA9E5C1D11EC5300042294 /* CommentObject.h */,
				7BFA9E5D1D11EC5300042294 /* CommentObject.m */,
			);
			name = model;
			sourceTree = "<group>";
		};
		7B6248F61D111EF700D5162A /* view */ = {
			isa = PBXGroup;
			children = (
				7BFA9E4D1D11A54100042294 /* UIFont+CompanyFonts.h */,
				7BFA9E4E1D11A54100042294 /* UIFont+CompanyFonts.m */,
				7B6248F81D11258600D5162A /* UIColor+CompanyColors.h */,
				7B6248F91D11258600D5162A /* UIColor+CompanyColors.m */,
				7BFA9E591D11EC0000042294 /* CommentCell.h */,
				7BFA9E5A1D11EC0000042294 /* CommentCell.m */,
			);
			name = view;
			sourceTree = "<group>";
		};
		7B6248F71D11208700D5162A /* controller */ = {
			isa = PBXGroup;
			children = (
				7B6248E11D111DFF00D5162A /* ViewController.h */,
				7B6248E21D111DFF00D5162A /* ViewController.m */,
				7BFA9E501D11C2DB00042294 /* CommentsViewController.h */,
				7BFA9E511D11C2DB00042294 /* CommentsViewController.m */,
			);
			name = controller;
			sourceTree = "<group>";
		};
		7BFA9E5F1D11FF7100042294 /* fonts */ = {
			isa = PBXGroup;
			children = (
				7BA11F261D1250930072DBA7 /* Lato-Medium.ttf */,
				7BA11F271D12509A0072DBA7 /* Lato-Regular.ttf */,
			);
			name = fonts;
			sourceTree = "<group>";
		};
/* End PBXGroup section */

/* Begin PBXNativeTarget section */
		7B6248D71D111DFF00D5162A /* Comments */ = {
			isa = PBXNativeTarget;
			buildConfigurationList = 7B6248F21D111DFF00D5162A /* Build configuration list for PBXNativeTarget "Comments" */;
			buildPhases = (
				7B6248D41D111DFF00D5162A /* Sources */,
				7B6248D51D111DFF00D5162A /* Frameworks */,
				7B6248D61D111DFF00D5162A /* Resources */,
			);
			buildRules = (
			);
			dependencies = (
			);
			name = Comments;
			productName = Comments;
			productReference = 7B6248D81D111DFF00D5162A /* Comments.app */;
			productType = "com.apple.product-type.application";
		};
/* End PBXNativeTarget section */

/* Begin PBXProject section */
		7B6248D01D111DFF00D5162A /* Project object */ = {
			isa = PBXProject;
			attributes = {
				LastUpgradeCheck = 0730;
				ORGANIZATIONNAME = "James Rochabrun";
				TargetAttributes = {
					7B6248D71D111DFF00D5162A = {
						CreatedOnToolsVersion = 7.3.1;
					};
				};
			};
			buildConfigurationList = 7B6248D31D111DFF00D5162A /* Build configuration list for PBXProject "Comments" */;
			compatibilityVersion = "Xcode 3.2";
			developmentRegion = English;
			hasScannedForEncodings = 0;
			knownRegions = (
				en,
				Base,
			);
			mainGroup = 7B6248CF1D111DFF00D5162A;
			productRefGroup = 7B6248D91D111DFF00D5162A /* Products */;
			projectDirPath = "";
			projectRoot = "";
			targets = (
				7B6248D71D111DFF00D5162A /* Comments */,
			);
		};
/* End PBXProject section */

/* Begin PBXResourcesBuildPhase section */
		7B6248D61D111DFF00D5162A /* Resources */ = {
			isa = PBXResourcesBuildPhase;
			buildActionMask = 2147483647;
			files = (
				7B6248EE1D111DFF00D5162A /* LaunchScreen.storyboard in Resources */,
				7BA11F281D1250BD0072DBA7 /* Lato-Medium.ttf in Resources */,
				7BA11F291D1250BF0072DBA7 /* Lato-Regular.ttf in Resources */,
				7B6248EB1D111DFF00D5162A /* Assets.xcassets in Resources */,
				7B6248E61D111DFF00D5162A /* Main.storyboard in Resources */,
			);
			runOnlyForDeploymentPostprocessing = 0;
		};
/* End PBXResourcesBuildPhase section */

/* Begin PBXSourcesBuildPhase section */
		7B6248D41D111DFF00D5162A /* Sources */ = {
			isa = PBXSourcesBuildPhase;
			buildActionMask = 2147483647;
			files = (
				7B6248E31D111DFF00D5162A /* ViewController.m in Sources */,
				7BFA9E5B1D11EC0000042294 /* CommentCell.m in Sources */,
				7BFA9E4F1D11A54100042294 /* UIFont+CompanyFonts.m in Sources */,
				7B6248E01D111DFF00D5162A /* AppDelegate.m in Sources */,
				7BFA9E5E1D11EC5300042294 /* CommentObject.m in Sources */,
				7B6248FA1D11258600D5162A /* UIColor+CompanyColors.m in Sources */,
				7B6248DD1D111DFF00D5162A /* main.m in Sources */,
				7BFA9E521D11C2DB00042294 /* CommentsViewController.m in Sources */,
			);
			runOnlyForDeploymentPostprocessing = 0;
		};
/* End PBXSourcesBuildPhase section */

/* Begin PBXVariantGroup section */
		7B6248E41D111DFF00D5162A /* Main.storyboard */ = {
			isa = PBXVariantGroup;
			children = (
				7B6248E51D111DFF00D5162A /* Base */,
			);
			name = Main.storyboard;
			sourceTree = "<group>";
		};
		7B6248EC1D111DFF00D5162A /* LaunchScreen.storyboard */ = {
			isa = PBXVariantGroup;
			children = (
				7B6248ED1D111DFF00D5162A /* Base */,
			);
			name = LaunchScreen.storyboard;
			sourceTree = "<group>";
		};
/* End PBXVariantGroup section */

/* Begin XCBuildConfiguration section */
		7B6248F01D111DFF00D5162A /* Debug */ = {
			isa = XCBuildConfiguration;
			buildSettings = {
				ALWAYS_SEARCH_USER_PATHS = NO;
				CLANG_ANALYZER_NONNULL = YES;
				CLANG_CXX_LANGUAGE_STANDARD = "gnu++0x";
				CLANG_CXX_LIBRARY = "libc++";
				CLANG_ENABLE_MODULES = YES;
				CLANG_ENABLE_OBJC_ARC = YES;
				CLANG_WARN_BOOL_CONVERSION = YES;
				CLANG_WARN_CONSTANT_CONVERSION = YES;
				CLANG_WARN_DIRECT_OBJC_ISA_USAGE = YES_ERROR;
				CLANG_WARN_EMPTY_BODY = YES;
				CLANG_WARN_ENUM_CONVERSION = YES;
				CLANG_WARN_INT_CONVERSION = YES;
				CLANG_WARN_OBJC_ROOT_CLASS = YES_ERROR;
				CLANG_WARN_UNREACHABLE_CODE = YES;
				CLANG_WARN__DUPLICATE_METHOD_MATCH = YES;
				"CODE_SIGN_IDENTITY[sdk=iphoneos*]" = "iPhone Developer";
				COPY_PHASE_STRIP = NO;
				DEBUG_INFORMATION_FORMAT = dwarf;
				ENABLE_STRICT_OBJC_MSGSEND = YES;
				ENABLE_TESTABILITY = YES;
				GCC_C_LANGUAGE_STANDARD = gnu99;
				GCC_DYNAMIC_NO_PIC = NO;
				GCC_NO_COMMON_BLOCKS = YES;
				GCC_OPTIMIZATION_LEVEL = 0;
				GCC_PREPROCESSOR_DEFINITIONS = (
					"DEBUG=1",
					"$(inherited)",
				);
				GCC_WARN_64_TO_32_BIT_CONVERSION = YES;
				GCC_WARN_ABOUT_RETURN_TYPE = YES_ERROR;
				GCC_WARN_UNDECLARED_SELECTOR = YES;
				GCC_WARN_UNINITIALIZED_AUTOS = YES_AGGRESSIVE;
				GCC_WARN_UNUSED_FUNCTION = YES;
				GCC_WARN_UNUSED_VARIABLE = YES;
				IPHONEOS_DEPLOYMENT_TARGET = 9.3;
				MTL_ENABLE_DEBUG_INFO = YES;
				ONLY_ACTIVE_ARCH = YES;
				SDKROOT = iphoneos;
				TARGETED_DEVICE_FAMILY = "1,2";
			};
			name = Debug;
		};
		7B6248F11D111DFF00D5162A /* Release */ = {
			isa = XCBuildConfiguration;
			buildSettings = {
				ALWAYS_SEARCH_USER_PATHS = NO;
				CLANG_ANALYZER_NONNULL = YES;
				CLANG_CXX_LANGUAGE_STANDARD = "gnu++0x";
				CLANG_CXX_LIBRARY = "libc++";
				CLANG_ENABLE_MODULES = YES;
				CLANG_ENABLE_OBJC_ARC = YES;
				CLANG_WARN_BOOL_CONVERSION = YES;
				CLANG_WARN_CONSTANT_CONVERSION = YES;
				CLANG_WARN_DIRECT_OBJC_ISA_USAGE = YES_ERROR;
				CLANG_WARN_EMPTY_BODY = YES;
				CLANG_WARN_ENUM_CONVERSION = YES;
				CLANG_WARN_INT_CONVERSION = YES;
				CLANG_WARN_OBJC_ROOT_CLASS = YES_ERROR;
				CLANG_WARN_UNREACHABLE_CODE = YES;
				CLANG_WARN__DUPLICATE_METHOD_MATCH = YES;
				"CODE_SIGN_IDENTITY[sdk=iphoneos*]" = "iPhone Developer";
				COPY_PHASE_STRIP = NO;
				DEBUG_INFORMATION_FORMAT = "dwarf-with-dsym";
				ENABLE_NS_ASSERTIONS = NO;
				ENABLE_STRICT_OBJC_MSGSEND = YES;
				GCC_C_LANGUAGE_STANDARD = gnu99;
				GCC_NO_COMMON_BLOCKS = YES;
				GCC_WARN_64_TO_32_BIT_CONVERSION = YES;
				GCC_WARN_ABOUT_RETURN_TYPE = YES_ERROR;
				GCC_WARN_UNDECLARED_SELECTOR = YES;
				GCC_WARN_UNINITIALIZED_AUTOS = YES_AGGRESSIVE;
				GCC_WARN_UNUSED_FUNCTION = YES;
				GCC_WARN_UNUSED_VARIABLE = YES;
				IPHONEOS_DEPLOYMENT_TARGET = 9.3;
				MTL_ENABLE_DEBUG_INFO = NO;
				SDKROOT = iphoneos;
				TARGETED_DEVICE_FAMILY = "1,2";
				VALIDATE_PRODUCT = YES;
			};
			name = Release;
		};
		7B6248F31D111DFF00D5162A /* Debug */ = {
			isa = XCBuildConfiguration;
			buildSettings = {
				ASSETCATALOG_COMPILER_APPICON_NAME = AppIcon;
				INFOPLIST_FILE = Comments/Info.plist;
				LD_RUNPATH_SEARCH_PATHS = "$(inherited) @executable_path/Frameworks";
				PRODUCT_BUNDLE_IDENTIFIER = com.deemelo.oomami.Comments;
				PRODUCT_NAME = "$(TARGET_NAME)";
			};
			name = Debug;
		};
		7B6248F41D111DFF00D5162A /* Release */ = {
			isa = XCBuildConfiguration;
			buildSettings = {
				ASSETCATALOG_COMPILER_APPICON_NAME = AppIcon;
				INFOPLIST_FILE = Comments/Info.plist;
				LD_RUNPATH_SEARCH_PATHS = "$(inherited) @executable_path/Frameworks";
				PRODUCT_BUNDLE_IDENTIFIER = com.deemelo.oomami.Comments;
				PRODUCT_NAME = "$(TARGET_NAME)";
			};
			name = Release;
		};
/* End XCBuildConfiguration section */

/* Begin XCConfigurationList section */
		7B6248D31D111DFF00D5162A /* Build configuration list for PBXProject "Comments" */ = {
			isa = XCConfigurationList;
			buildConfigurations = (
				7B6248F01D111DFF00D5162A /* Debug */,
				7B6248F11D111DFF00D5162A /* Release */,
			);
			defaultConfigurationIsVisible = 0;
			defaultConfigurationName = Release;
		};
		7B6248F21D111DFF00D5162A /* Build configuration list for PBXNativeTarget "Comments" */ = {
			isa = XCConfigurationList;
			buildConfigurations = (
				7B6248F31D111DFF00D5162A /* Debug */,
				7B6248F41D111DFF00D5162A /* Release */,
			);
			defaultConfigurationIsVisible = 0;
			defaultConfigurationName = Release;
		};
/* End XCConfigurationList section */
	};
	rootObject = 7B6248D01D111DFF00D5162A /* Project object */;
}
